
Microsoft Visual Studio Solution File, Format Version 12.00
# Visual Studio Version 17
VisualStudioVersion = 17.8.34330.188
MinimumVisualStudioVersion = 10.0.40219.1
Project("{FAE04EC0-301F-11D3-BF4B-00C04F79EFBC}") = "Voyage 2", "Voyage 2\Voyage 2.csproj", "{14AA88AA-0095-43ED-A9E8-18742021B359}"
EndProject
Global
	GlobalSection(SolutionConfigurationPlatforms) = preSolution
		Debug|Any CPU = Debug|Any CPU
		Release|Any CPU = Release|Any CPU
	EndGlobalSection
	GlobalSection(ProjectConfigurationPlatforms) = postSolution
		{14AA88AA-0095-43ED-A9E8-18742021B359}.Debug|Any CPU.ActiveCfg = Debug|Any CPU
		{14AA88AA-0095-43ED-A9E8-18742021B359}.Debug|Any CPU.Build.0 = Debug|Any CPU
		{14AA88AA-0095-43ED-A9E8-18742021B359}.Release|Any CPU.ActiveCfg = Release|Any CPU
		{14AA88AA-0095-43ED-A9E8-18742021B359}.Release|Any CPU.Build.0 = Release|Any CPU
	EndGlobalSection
	GlobalSection(SolutionProperties) = preSolution
		HideSolutionNode = FALSE
	EndGlobalSection
	GlobalSection(ExtensibilityGlobals) = postSolution
		SolutionGuid = {3747C27F-8DC7-437B-875F-AB3868FD0E44}
	EndGlobalSection
EndGlobal
