
Microsoft Visual Studio Solution File, Format Version 12.00
# Visual Studio Version 17
VisualStudioVersion = 17.8.34330.188
MinimumVisualStudioVersion = 10.0.40219.1
Project("{FAE04EC0-301F-11D3-BF4B-00C04F79EFBC}") = "cotisation", "cotisation\cotisation.csproj", "{3E0C0AD8-1882-4598-BE2A-547A5D7E1CA0}"
EndProject
Global
	GlobalSection(SolutionConfigurationPlatforms) = preSolution
		Debug|Any CPU = Debug|Any CPU
		Release|Any CPU = Release|Any CPU
	EndGlobalSection
	GlobalSection(ProjectConfigurationPlatforms) = postSolution
		{3E0C0AD8-1882-4598-BE2A-547A5D7E1CA0}.Debug|Any CPU.ActiveCfg = Debug|Any CPU
		{3E0C0AD8-1882-4598-BE2A-547A5D7E1CA0}.Debug|Any CPU.Build.0 = Debug|Any CPU
		{3E0C0AD8-1882-4598-BE2A-547A5D7E1CA0}.Release|Any CPU.ActiveCfg = Release|Any CPU
		{3E0C0AD8-1882-4598-BE2A-547A5D7E1CA0}.Release|Any CPU.Build.0 = Release|Any CPU
	EndGlobalSection
	GlobalSection(SolutionProperties) = preSolution
		HideSolutionNode = FALSE
	EndGlobalSection
	GlobalSection(ExtensibilityGlobals) = postSolution
		SolutionGuid = {57731C2D-1C7F-49C7-9B36-E0C7A823F08E}
	EndGlobalSection
EndGlobal
