
Microsoft Visual Studio Solution File, Format Version 12.00
# Visual Studio Version 17
VisualStudioVersion = 17.8.34330.188
MinimumVisualStudioVersion = 10.0.40219.1
Project("{FAE04EC0-301F-11D3-BF4B-00C04F79EFBC}") = "Trombinoscope", "Trombinoscope\Trombinoscope.csproj", "{318B408C-7934-492B-BBC4-8A0937BC56CB}"
EndProject
Global
	GlobalSection(SolutionConfigurationPlatforms) = preSolution
		Debug|Any CPU = Debug|Any CPU
		Release|Any CPU = Release|Any CPU
	EndGlobalSection
	GlobalSection(ProjectConfigurationPlatforms) = postSolution
		{318B408C-7934-492B-BBC4-8A0937BC56CB}.Debug|Any CPU.ActiveCfg = Debug|Any CPU
		{318B408C-7934-492B-BBC4-8A0937BC56CB}.Debug|Any CPU.Build.0 = Debug|Any CPU
		{318B408C-7934-492B-BBC4-8A0937BC56CB}.Release|Any CPU.ActiveCfg = Release|Any CPU
		{318B408C-7934-492B-BBC4-8A0937BC56CB}.Release|Any CPU.Build.0 = Release|Any CPU
	EndGlobalSection
	GlobalSection(SolutionProperties) = preSolution
		HideSolutionNode = FALSE
	EndGlobalSection
	GlobalSection(ExtensibilityGlobals) = postSolution
		SolutionGuid = {5145170B-380E-4781-B2B3-13B316EFA06F}
	EndGlobalSection
EndGlobal
